// !$*UTF8*$!
{
	archiveVersion = 1;
	classes = {
	};
	objectVersion = 50;
	objects = {

/* Begin PBXBuildFile section */
		4CE51AB524DF00B20068A3CB /* AppDelegate.swift in Sources */ = {isa = PBXBuildFile; fileRef = 4CE51AB424DF00B20068A3CB /* AppDelegate.swift */; };
		4CE51AB724DF00B20068A3CB /* SceneDelegate.swift in Sources */ = {isa = PBXBuildFile; fileRef = 4CE51AB624DF00B20068A3CB /* SceneDelegate.swift */; };
		4CE51AB924DF00B20068A3CB /* ViewController.swift in Sources */ = {isa = PBXBuildFile; fileRef = 4CE51AB824DF00B20068A3CB /* ViewController.swift */; };
		4CE51ABC24DF00B20068A3CB /* Main.storyboard in Resources */ = {isa = PBXBuildFile; fileRef = 4CE51ABA24DF00B20068A3CB /* Main.storyboard */; };
		4CE51ABF24DF00B20068A3CB /* getDataFromProtocolDelegates.xcdatamodeld in Sources */ = {isa = PBXBuildFile; fileRef = 4CE51ABD24DF00B20068A3CB /* getDataFromProtocolDelegates.xcdatamodeld */; };
		4CE51AC124DF00B50068A3CB /* Assets.xcassets in Resources */ = {isa = PBXBuildFile; fileRef = 4CE51AC024DF00B50068A3CB /* Assets.xcassets */; };
		4CE51AC424DF00B60068A3CB /* LaunchScreen.storyboard in Resources */ = {isa = PBXBuildFile; fileRef = 4CE51AC224DF00B50068A3CB /* LaunchScreen.storyboard */; };
/* End PBXBuildFile section */

/* Begin PBXFileReference section */
		4CE51AB124DF00B20068A3CB /* getDataFromProtocolDelegates.app */ = {isa = PBXFileReference; explicitFileType = wrapper.application; includeInIndex = 0; path = getDataFromProtocolDelegates.app; sourceTree = BUILT_PRODUCTS_DIR; };
		4CE51AB424DF00B20068A3CB /* AppDelegate.swift */ = {isa = PBXFileReference; lastKnownFileType = sourcecode.swift; path = AppDelegate.swift; sourceTree = "<group>"; };
		4CE51AB624DF00B20068A3CB /* SceneDelegate.swift */ = {isa = PBXFileReference; lastKnownFileType = sourcecode.swift; path = SceneDelegate.swift; sourceTree = "<group>"; };
		4CE51AB824DF00B20068A3CB /* ViewController.swift */ = {isa = PBXFileReference; lastKnownFileType = sourcecode.swift; path = ViewController.swift; sourceTree = "<group>"; };
		4CE51ABB24DF00B20068A3CB /* Base */ = {isa = PBXFileReference; lastKnownFileType = file.storyboard; name = Base; path = Base.lproj/Main.storyboard; sourceTree = "<group>"; };
		4CE51ABE24DF00B20068A3CB /* getDataFromProtocolDelegates.xcdatamodel */ = {isa = PBXFileReference; lastKnownFileType = wrapper.xcdatamodel; path = getDataFromProtocolDelegates.xcdatamodel; sourceTree = "<group>"; };
		4CE51AC024DF00B50068A3CB /* Assets.xcassets */ = {isa = PBXFileReference; lastKnownFileType = folder.assetcatalog; path = Assets.xcassets; sourceTree = "<group>"; };
		4CE51AC324DF00B60068A3CB /* Base */ = {isa = PBXFileReference; lastKnownFileType = file.storyboard; name = Base; path = Base.lproj/LaunchScreen.storyboard; sourceTree = "<group>"; };
		4CE51AC524DF00B60068A3CB /* Info.plist */ = {isa = PBXFileReference; lastKnownFileType = text.plist.xml; path = Info.plist; sourceTree = "<group>"; };
/* End PBXFileReference section */

/* Begin PBXFrameworksBuildPhase section */
		4CE51AAE24DF00B20068A3CB /* Frameworks */ = {
			isa = PBXFrameworksBuildPhase;
			buildActionMask = 2147483647;
			files = (
			);
			runOnlyForDeploymentPostprocessing = 0;
		};
/* End PBXFrameworksBuildPhase section */

/* Begin PBXGroup section */
		4CE51AA824DF00B20068A3CB = {
			isa = PBXGroup;
			children = (
				4CE51AB324DF00B20068A3CB /* getDataFromProtocolDelegates */,
				4CE51AB224DF00B20068A3CB /* Products */,
			);
			sourceTree = "<group>";
		};
		4CE51AB224DF00B20068A3CB /* Products */ = {
			isa = PBXGroup;
			children = (
				4CE51AB124DF00B20068A3CB /* getDataFromProtocolDelegates.app */,
			);
			name = Products;
			sourceTree = "<group>";
		};
		4CE51AB324DF00B20068A3CB /* getDataFromProtocolDelegates */ = {
			isa = PBXGroup;
			children = (
				4CE51AB424DF00B20068A3CB /* AppDelegate.swift */,
				4CE51AB624DF00B20068A3CB /* SceneDelegate.swift */,
				4CE51AB824DF00B20068A3CB /* ViewController.swift */,
				4CE51ABA24DF00B20068A3CB /* Main.storyboard */,
				4CE51AC024DF00B50068A3CB /* Assets.xcassets */,
				4CE51AC224DF00B50068A3CB /* LaunchScreen.storyboard */,
				4CE51AC524DF00B60068A3CB /* Info.plist */,
				4CE51ABD24DF00B20068A3CB /* getDataFromProtocolDelegates.xcdatamodeld */,
			);
			path = getDataFromProtocolDelegates;
			sourceTree = "<group>";
		};
/* End PBXGroup section */

/* Begin PBXNativeTarget section */
		4CE51AB024DF00B20068A3CB /* getDataFromProtocolDelegates */ = {
			isa = PBXNativeTarget;
			buildConfigurationList = 4CE51AC824DF00B60068A3CB /* Build configuration list for PBXNativeTarget "getDataFromProtocolDelegates" */;
			buildPhases = (
				4CE51AAD24DF00B20068A3CB /* Sources */,
				4CE51AAE24DF00B20068A3CB /* Frameworks */,
				4CE51AAF24DF00B20068A3CB /* Resources */,
			);
			buildRules = (
			);
			dependencies = (
			);
			name = getDataFromProtocolDelegates;
			productName = getDataFromProtocolDelegates;
			productReference = 4CE51AB124DF00B20068A3CB /* getDataFromProtocolDelegates.app */;
			productType = "com.apple.product-type.application";
		};
/* End PBXNativeTarget section */

/* Begin PBXProject section */
		4CE51AA924DF00B20068A3CB /* Project object */ = {
			isa = PBXProject;
			attributes = {
				LastSwiftUpdateCheck = 1150;
				LastUpgradeCheck = 1150;
				ORGANIZATIONNAME = Bhargava;
				TargetAttributes = {
					4CE51AB024DF00B20068A3CB = {
						CreatedOnToolsVersion = 11.5;
					};
				};
			};
			buildConfigurationList = 4CE51AAC24DF00B20068A3CB /* Build configuration list for PBXProject "getDataFromProtocolDelegates" */;
			compatibilityVersion = "Xcode 9.3";
			developmentRegion = en;
			hasScannedForEncodings = 0;
			knownRegions = (
				en,
				Base,
			);
			mainGroup = 4CE51AA824DF00B20068A3CB;
			productRefGroup = 4CE51AB224DF00B20068A3CB /* Products */;
			projectDirPath = "";
			projectRoot = "";
			targets = (
				4CE51AB024DF00B20068A3CB /* getDataFromProtocolDelegates */,
			);
		};
/* End PBXProject section */

/* Begin PBXResourcesBuildPhase section */
		4CE51AAF24DF00B20068A3CB /* Resources */ = {
			isa = PBXResourcesBuildPhase;
			buildActionMask = 2147483647;
			files = (
				4CE51AC424DF00B60068A3CB /* LaunchScreen.storyboard in Resources */,
				4CE51AC124DF00B50068A3CB /* Assets.xcassets in Resources */,
				4CE51ABC24DF00B20068A3CB /* Main.storyboard in Resources */,
			);
			runOnlyForDeploymentPostprocessing = 0;
		};
/* End PBXResourcesBuildPhase section */

/* Begin PBXSourcesBuildPhase section */
		4CE51AAD24DF00B20068A3CB /* Sources */ = {
			isa = PBXSourcesBuildPhase;
			buildActionMask = 2147483647;
			files = (
				4CE51AB924DF00B20068A3CB /* ViewController.swift in Sources */,
				4CE51AB524DF00B20068A3CB /* AppDelegate.swift in Sources */,
				4CE51AB724DF00B20068A3CB /* SceneDelegate.swift in Sources */,
				4CE51ABF24DF00B20068A3CB /* getDataFromProtocolDelegates.xcdatamodeld in Sources */,
			);
			runOnlyForDeploymentPostprocessing = 0;
		};
/* End PBXSourcesBuildPhase section */

/* Begin PBXVariantGroup section */
		4CE51ABA24DF00B20068A3CB /* Main.storyboard */ = {
			isa = PBXVariantGroup;
			children = (
				4CE51ABB24DF00B20068A3CB /* Base */,
			);
			name = Main.storyboard;
			sourceTree = "<group>";
		};
		4CE51AC224DF00B50068A3CB /* LaunchScreen.storyboard */ = {
			isa = PBXVariantGroup;
			children = (
				4CE51AC324DF00B60068A3CB /* Base */,
			);
			name = LaunchScreen.storyboard;
			sourceTree = "<group>";
		};
/* End PBXVariantGroup section */

/* Begin XCBuildConfiguration section */
		4CE51AC624DF00B60068A3CB /* Debug */ = {
			isa = XCBuildConfiguration;
			buildSettings = {
				ALWAYS_SEARCH_USER_PATHS = NO;
				CLANG_ANALYZER_NONNULL = YES;
				CLANG_ANALYZER_NUMBER_OBJECT_CONVERSION = YES_AGGRESSIVE;
				CLANG_CXX_LANGUAGE_STANDARD = "gnu++14";
				CLANG_CXX_LIBRARY = "libc++";
				CLANG_ENABLE_MODULES = YES;
				CLANG_ENABLE_OBJC_ARC = YES;
				CLANG_ENABLE_OBJC_WEAK = YES;
				CLANG_WARN_BLOCK_CAPTURE_AUTORELEASING = YES;
				CLANG_WARN_BOOL_CONVERSION = YES;
				CLANG_WARN_COMMA = YES;
				CLANG_WARN_CONSTANT_CONVERSION = YES;
				CLANG_WARN_DEPRECATED_OBJC_IMPLEMENTATIONS = YES;
				CLANG_WARN_DIRECT_OBJC_ISA_USAGE = YES_ERROR;
				CLANG_WARN_DOCUMENTATION_COMMENTS = YES;
				CLANG_WARN_EMPTY_BODY = YES;
				CLANG_WARN_ENUM_CONVERSION = YES;
				CLANG_WARN_INFINITE_RECURSION = YES;
				CLANG_WARN_INT_CONVERSION = YES;
				CLANG_WARN_NON_LITERAL_NULL_CONVERSION = YES;
				CLANG_WARN_OBJC_IMPLICIT_RETAIN_SELF = YES;
				CLANG_WARN_OBJC_LITERAL_CONVERSION = YES;
				CLANG_WARN_OBJC_ROOT_CLASS = YES_ERROR;
				CLANG_WARN_RANGE_LOOP_ANALYSIS = YES;
				CLANG_WARN_STRICT_PROTOTYPES = YES;
				CLANG_WARN_SUSPICIOUS_MOVE = YES;
				CLANG_WARN_UNGUARDED_AVAILABILITY = YES_AGGRESSIVE;
				CLANG_WARN_UNREACHABLE_CODE = YES;
				CLANG_WARN__DUPLICATE_METHOD_MATCH = YES;
				COPY_PHASE_STRIP = NO;
				DEBUG_INFORMATION_FORMAT = dwarf;
				ENABLE_STRICT_OBJC_MSGSEND = YES;
				ENABLE_TESTABILITY = YES;
				GCC_C_LANGUAGE_STANDARD = gnu11;
				GCC_DYNAMIC_NO_PIC = NO;
				GCC_NO_COMMON_BLOCKS = YES;
				GCC_OPTIMIZATION_LEVEL = 0;
				GCC_PREPROCESSOR_DEFINITIONS = (
					"DEBUG=1",
					"$(inherited)",
				);
				GCC_WARN_64_TO_32_BIT_CONVERSION = YES;
				GCC_WARN_ABOUT_RETURN_TYPE = YES_ERROR;
				GCC_WARN_UNDECLARED_SELECTOR = YES;
				GCC_WARN_UNINITIALIZED_AUTOS = YES_AGGRESSIVE;
				GCC_WARN_UNUSED_FUNCTION = YES;
				GCC_WARN_UNUSED_VARIABLE = YES;
				IPHONEOS_DEPLOYMENT_TARGET = 13.5;
				MTL_ENABLE_DEBUG_INFO = INCLUDE_SOURCE;
				MTL_FAST_MATH = YES;
				ONLY_ACTIVE_ARCH = YES;
				SDKROOT = iphoneos;
				SWIFT_ACTIVE_COMPILATION_CONDITIONS = DEBUG;
				SWIFT_OPTIMIZATION_LEVEL = "-Onone";
			};
			name = Debug;
		};
		4CE51AC724DF00B60068A3CB /* Release */ = {
			isa = XCBuildConfiguration;
			buildSettings = {
				ALWAYS_SEARCH_USER_PATHS = NO;
				CLANG_ANALYZER_NONNULL = YES;
				CLANG_ANALYZER_NUMBER_OBJECT_CONVERSION = YES_AGGRESSIVE;
				CLANG_CXX_LANGUAGE_STANDARD = "gnu++14";
				CLANG_CXX_LIBRARY = "libc++";
				CLANG_ENABLE_MODULES = YES;
				CLANG_ENABLE_OBJC_ARC = YES;
				CLANG_ENABLE_OBJC_WEAK = YES;
				CLANG_WARN_BLOCK_CAPTURE_AUTORELEASING = YES;
				CLANG_WARN_BOOL_CONVERSION = YES;
				CLANG_WARN_COMMA = YES;
				CLANG_WARN_CONSTANT_CONVERSION = YES;
				CLANG_WARN_DEPRECATED_OBJC_IMPLEMENTATIONS = YES;
				CLANG_WARN_DIRECT_OBJC_ISA_USAGE = YES_ERROR;
				CLANG_WARN_DOCUMENTATION_COMMENTS = YES;
				CLANG_WARN_EMPTY_BODY = YES;
				CLANG_WARN_ENUM_CONVERSION = YES;
				CLANG_WARN_INFINITE_RECURSION = YES;
				CLANG_WARN_INT_CONVERSION = YES;
				CLANG_WARN_NON_LITERAL_NULL_CONVERSION = YES;
				CLANG_WARN_OBJC_IMPLICIT_RETAIN_SELF = YES;
				CLANG_WARN_OBJC_LITERAL_CONVERSION = YES;
				CLANG_WARN_OBJC_ROOT_CLASS = YES_ERROR;
				CLANG_WARN_RANGE_LOOP_ANALYSIS = YES;
				CLANG_WARN_STRICT_PROTOTYPES = YES;
				CLANG_WARN_SUSPICIOUS_MOVE = YES;
				CLANG_WARN_UNGUARDED_AVAILABILITY = YES_AGGRESSIVE;
				CLANG_WARN_UNREACHABLE_CODE = YES;
				CLANG_WARN__DUPLICATE_METHOD_MATCH = YES;
				COPY_PHASE_STRIP = NO;
				DEBUG_INFORMATION_FORMAT = "dwarf-with-dsym";
				ENABLE_NS_ASSERTIONS = NO;
				ENABLE_STRICT_OBJC_MSGSEND = YES;
				GCC_C_LANGUAGE_STANDARD = gnu11;
				GCC_NO_COMMON_BLOCKS = YES;
				GCC_WARN_64_TO_32_BIT_CONVERSION = YES;
				GCC_WARN_ABOUT_RETURN_TYPE = YES_ERROR;
				GCC_WARN_UNDECLARED_SELECTOR = YES;
				GCC_WARN_UNINITIALIZED_AUTOS = YES_AGGRESSIVE;
				GCC_WARN_UNUSED_FUNCTION = YES;
				GCC_WARN_UNUSED_VARIABLE = YES;
				IPHONEOS_DEPLOYMENT_TARGET = 13.5;
				MTL_ENABLE_DEBUG_INFO = NO;
				MTL_FAST_MATH = YES;
				SDKROOT = iphoneos;
				SWIFT_COMPILATION_MODE = wholemodule;
				SWIFT_OPTIMIZATION_LEVEL = "-O";
				VALIDATE_PRODUCT = YES;
			};
			name = Release;
		};
		4CE51AC924DF00B60068A3CB /* Debug */ = {
			isa = XCBuildConfiguration;
			buildSettings = {
				ASSETCATALOG_COMPILER_APPICON_NAME = AppIcon;
				CODE_SIGN_STYLE = Automatic;
				INFOPLIST_FILE = getDataFromProtocolDelegates/Info.plist;
				LD_RUNPATH_SEARCH_PATHS = (
					"$(inherited)",
					"@executable_path/Frameworks",
				);
				PRODUCT_BUNDLE_IDENTIFIER = com.cbn.getDataFromProtocolDelegates;
				PRODUCT_NAME = "$(TARGET_NAME)";
				SWIFT_VERSION = 5.0;
				TARGETED_DEVICE_FAMILY = "1,2";
			};
			name = Debug;
		};
		4CE51ACA24DF00B60068A3CB /* Release */ = {
			isa = XCBuildConfiguration;
			buildSettings = {
				ASSETCATALOG_COMPILER_APPICON_NAME = AppIcon;
				CODE_SIGN_STYLE = Automatic;
				INFOPLIST_FILE = getDataFromProtocolDelegates/Info.plist;
				LD_RUNPATH_SEARCH_PATHS = (
					"$(inherited)",
					"@executable_path/Frameworks",
				);
				PRODUCT_BUNDLE_IDENTIFIER = com.cbn.getDataFromProtocolDelegates;
				PRODUCT_NAME = "$(TARGET_NAME)";
				SWIFT_VERSION = 5.0;
				TARGETED_DEVICE_FAMILY = "1,2";
			};
			name = Release;
		};
/* End XCBuildConfiguration section */

/* Begin XCConfigurationList section */
		4CE51AAC24DF00B20068A3CB /* Build configuration list for PBXProject "getDataFromProtocolDelegates" */ = {
			isa = XCConfigurationList;
			buildConfigurations = (
				4CE51AC624DF00B60068A3CB /* Debug */,
				4CE51AC724DF00B60068A3CB /* Release */,
			);
			defaultConfigurationIsVisible = 0;
			defaultConfigurationName = Release;
		};
		4CE51AC824DF00B60068A3CB /* Build configuration list for PBXNativeTarget "getDataFromProtocolDelegates" */ = {
			isa = XCConfigurationList;
			buildConfigurations = (
				4CE51AC924DF00B60068A3CB /* Debug */,
				4CE51ACA24DF00B60068A3CB /* Release */,
			);
			defaultConfigurationIsVisible = 0;
			defaultConfigurationName = Release;
		};
/* End XCConfigurationList section */

/* Begin XCVersionGroup section */
		4CE51ABD24DF00B20068A3CB /* getDataFromProtocolDelegates.xcdatamodeld */ = {
			isa = XCVersionGroup;
			children = (
				4CE51ABE24DF00B20068A3CB /* getDataFromProtocolDelegates.xcdatamodel */,
			);
			currentVersion = 4CE51ABE24DF00B20068A3CB /* getDataFromProtocolDelegates.xcdatamodel */;
			path = getDataFromProtocolDelegates.xcdatamodeld;
			sourceTree = "<group>";
			versionGroupType = wrapper.xcdatamodel;
		};
/* End XCVersionGroup section */
	};
	rootObject = 4CE51AA924DF00B20068A3CB /* Project object */;
}
